// !$*UTF8*$!
{
	archiveVersion = 1;
	classes = {
	};
	objectVersion = 50;
	objects = {

/* Begin PBXBuildFile section */
		23B9C095B786C59AB6AC5F38 /* Pods_Coinsignals.framework in Frameworks */ = {isa = PBXBuildFile; fileRef = 0B73AA3118A4F6A5D499E0A4 /* Pods_Coinsignals.framework */; };
		3F7EF52421CD481800CD394D /* AppDelegate.swift in Sources */ = {isa = PBXBuildFile; fileRef = 3F7EF52321CD481800CD394D /* AppDelegate.swift */; };
		3F7EF52621CD481800CD394D /* ViewController.swift in Sources */ = {isa = PBXBuildFile; fileRef = 3F7EF52521CD481800CD394D /* ViewController.swift */; };
		3F7EF52921CD481800CD394D /* Main.storyboard in Resources */ = {isa = PBXBuildFile; fileRef = 3F7EF52721CD481800CD394D /* Main.storyboard */; };
		3F7EF52B21CD481A00CD394D /* Assets.xcassets in Resources */ = {isa = PBXBuildFile; fileRef = 3F7EF52A21CD481A00CD394D /* Assets.xcassets */; };
		3F7EF52E21CD481A00CD394D /* LaunchScreen.storyboard in Resources */ = {isa = PBXBuildFile; fileRef = 3F7EF52C21CD481A00CD394D /* LaunchScreen.storyboard */; };
		3F7EF53D21CD4B2F00CD394D /* Constants.swift in Sources */ = {isa = PBXBuildFile; fileRef = 3F7EF53C21CD4B2F00CD394D /* Constants.swift */; };
		3F7EF54021CD4B5100CD394D /* Styling.swift in Sources */ = {isa = PBXBuildFile; fileRef = 3F7EF53F21CD4B5100CD394D /* Styling.swift */; };
		3F7EF54221CD51FE00CD394D /* Projects.swift in Sources */ = {isa = PBXBuildFile; fileRef = 3F7EF54121CD51FE00CD394D /* Projects.swift */; };
		3F7EF54521CD5A5A00CD394D /* PriceRequestType.swift in Sources */ = {isa = PBXBuildFile; fileRef = 3F7EF54421CD5A5A00CD394D /* PriceRequestType.swift */; };
		3F7EF54721CD5DA000CD394D /* Webservice.swift in Sources */ = {isa = PBXBuildFile; fileRef = 3F7EF54621CD5DA000CD394D /* Webservice.swift */; };
		B34B1ADE21CEA0C600EF8528 /* DataAPI.swift in Sources */ = {isa = PBXBuildFile; fileRef = B34B1ADD21CEA0C600EF8528 /* DataAPI.swift */; };
		B34B1AE021CEA35000EF8528 /* HistoricPriceData.swift in Sources */ = {isa = PBXBuildFile; fileRef = B34B1ADF21CEA35000EF8528 /* HistoricPriceData.swift */; };
		B34B1AE221CEAEB000EF8528 /* SentimentData.swift in Sources */ = {isa = PBXBuildFile; fileRef = B34B1AE121CEAEB000EF8528 /* SentimentData.swift */; };
		B34B1AE521CEB0F400EF8528 /* RsiData.swift in Sources */ = {isa = PBXBuildFile; fileRef = B34B1AE421CEB0F400EF8528 /* RsiData.swift */; };
		B34B1AE721CEB2BD00EF8528 /* CurrentTickerPriceData.swift in Sources */ = {isa = PBXBuildFile; fileRef = B34B1AE621CEB2BD00EF8528 /* CurrentTickerPriceData.swift */; };
		B34B1AE921CED61600EF8528 /* RateMyApp.swift in Sources */ = {isa = PBXBuildFile; fileRef = B34B1AE821CED61600EF8528 /* RateMyApp.swift */; };
		B34B1AEB21CEF4FE00EF8528 /* Alamofire.framework in Frameworks */ = {isa = PBXBuildFile; fileRef = B34B1AEA21CEF4FE00EF8528 /* Alamofire.framework */; };
		B34B1AED21CEFEE300EF8528 /* DataProviders.swift in Sources */ = {isa = PBXBuildFile; fileRef = B34B1AEC21CEFEE300EF8528 /* DataProviders.swift */; };
		B34B1AEF21CF0BBE00EF8528 /* ApiDecoder.swift in Sources */ = {isa = PBXBuildFile; fileRef = B34B1AEE21CF0BBE00EF8528 /* ApiDecoder.swift */; };
/* End PBXBuildFile section */

/* Begin PBXFileReference section */
		0B73AA3118A4F6A5D499E0A4 /* Pods_Coinsignals.framework */ = {isa = PBXFileReference; explicitFileType = wrapper.framework; includeInIndex = 0; path = Pods_Coinsignals.framework; sourceTree = BUILT_PRODUCTS_DIR; };
		3F7EF52021CD481800CD394D /* Coinsignals.app */ = {isa = PBXFileReference; explicitFileType = wrapper.application; includeInIndex = 0; path = Coinsignals.app; sourceTree = BUILT_PRODUCTS_DIR; };
		3F7EF52321CD481800CD394D /* AppDelegate.swift */ = {isa = PBXFileReference; lastKnownFileType = sourcecode.swift; path = AppDelegate.swift; sourceTree = "<group>"; };
		3F7EF52521CD481800CD394D /* ViewController.swift */ = {isa = PBXFileReference; lastKnownFileType = sourcecode.swift; path = ViewController.swift; sourceTree = "<group>"; };
		3F7EF52821CD481800CD394D /* Base */ = {isa = PBXFileReference; lastKnownFileType = file.storyboard; name = Base; path = Base.lproj/Main.storyboard; sourceTree = "<group>"; };
		3F7EF52A21CD481A00CD394D /* Assets.xcassets */ = {isa = PBXFileReference; lastKnownFileType = folder.assetcatalog; path = Assets.xcassets; sourceTree = "<group>"; };
		3F7EF52D21CD481A00CD394D /* Base */ = {isa = PBXFileReference; lastKnownFileType = file.storyboard; name = Base; path = Base.lproj/LaunchScreen.storyboard; sourceTree = "<group>"; };
		3F7EF52F21CD481A00CD394D /* Info.plist */ = {isa = PBXFileReference; lastKnownFileType = text.plist.xml; path = Info.plist; sourceTree = "<group>"; };
		3F7EF53C21CD4B2F00CD394D /* Constants.swift */ = {isa = PBXFileReference; lastKnownFileType = sourcecode.swift; path = Constants.swift; sourceTree = "<group>"; };
		3F7EF53F21CD4B5100CD394D /* Styling.swift */ = {isa = PBXFileReference; lastKnownFileType = sourcecode.swift; path = Styling.swift; sourceTree = "<group>"; };
		3F7EF54121CD51FE00CD394D /* Projects.swift */ = {isa = PBXFileReference; lastKnownFileType = sourcecode.swift; path = Projects.swift; sourceTree = "<group>"; };
		3F7EF54421CD5A5A00CD394D /* PriceRequestType.swift */ = {isa = PBXFileReference; lastKnownFileType = sourcecode.swift; path = PriceRequestType.swift; sourceTree = "<group>"; };
		3F7EF54621CD5DA000CD394D /* Webservice.swift */ = {isa = PBXFileReference; lastKnownFileType = sourcecode.swift; path = Webservice.swift; sourceTree = "<group>"; };
		A8F2249FA59898968B222E98 /* Pods-Coinsignals.debug.xcconfig */ = {isa = PBXFileReference; includeInIndex = 1; lastKnownFileType = text.xcconfig; name = "Pods-Coinsignals.debug.xcconfig"; path = "Pods/Target Support Files/Pods-Coinsignals/Pods-Coinsignals.debug.xcconfig"; sourceTree = "<group>"; };
		B34B1ADD21CEA0C600EF8528 /* DataAPI.swift */ = {isa = PBXFileReference; lastKnownFileType = sourcecode.swift; path = DataAPI.swift; sourceTree = "<group>"; };
		B34B1ADF21CEA35000EF8528 /* HistoricPriceData.swift */ = {isa = PBXFileReference; lastKnownFileType = sourcecode.swift; path = HistoricPriceData.swift; sourceTree = "<group>"; };
		B34B1AE121CEAEB000EF8528 /* SentimentData.swift */ = {isa = PBXFileReference; lastKnownFileType = sourcecode.swift; path = SentimentData.swift; sourceTree = "<group>"; };
		B34B1AE421CEB0F400EF8528 /* RsiData.swift */ = {isa = PBXFileReference; lastKnownFileType = sourcecode.swift; path = RsiData.swift; sourceTree = "<group>"; };
		B34B1AE621CEB2BD00EF8528 /* CurrentTickerPriceData.swift */ = {isa = PBXFileReference; lastKnownFileType = sourcecode.swift; path = CurrentTickerPriceData.swift; sourceTree = "<group>"; };
		B34B1AE821CED61600EF8528 /* RateMyApp.swift */ = {isa = PBXFileReference; lastKnownFileType = sourcecode.swift; path = RateMyApp.swift; sourceTree = "<group>"; };
		B34B1AEA21CEF4FE00EF8528 /* Alamofire.framework */ = {isa = PBXFileReference; explicitFileType = wrapper.framework; path = Alamofire.framework; sourceTree = BUILT_PRODUCTS_DIR; };
		B34B1AEC21CEFEE300EF8528 /* DataProviders.swift */ = {isa = PBXFileReference; lastKnownFileType = sourcecode.swift; path = DataProviders.swift; sourceTree = "<group>"; };
		B34B1AEE21CF0BBE00EF8528 /* ApiDecoder.swift */ = {isa = PBXFileReference; lastKnownFileType = sourcecode.swift; path = ApiDecoder.swift; sourceTree = "<group>"; };
		DB34929F9730F1E6AC9710FA /* Pods-Coinsignals.release.xcconfig */ = {isa = PBXFileReference; includeInIndex = 1; lastKnownFileType = text.xcconfig; name = "Pods-Coinsignals.release.xcconfig"; path = "Pods/Target Support Files/Pods-Coinsignals/Pods-Coinsignals.release.xcconfig"; sourceTree = "<group>"; };
/* End PBXFileReference section */

/* Begin PBXFrameworksBuildPhase section */
		3F7EF51D21CD481800CD394D /* Frameworks */ = {
			isa = PBXFrameworksBuildPhase;
			buildActionMask = 2147483647;
			files = (
				B34B1AEB21CEF4FE00EF8528 /* Alamofire.framework in Frameworks */,
				23B9C095B786C59AB6AC5F38 /* Pods_Coinsignals.framework in Frameworks */,
			);
			runOnlyForDeploymentPostprocessing = 0;
		};
/* End PBXFrameworksBuildPhase section */

/* Begin PBXGroup section */
		16A1B7BEDD7D59D039BF8444 /* Frameworks */ = {
			isa = PBXGroup;
			children = (
				B34B1AEA21CEF4FE00EF8528 /* Alamofire.framework */,
				0B73AA3118A4F6A5D499E0A4 /* Pods_Coinsignals.framework */,
			);
			name = Frameworks;
			sourceTree = "<group>";
		};
		3F7EF51721CD481800CD394D = {
			isa = PBXGroup;
			children = (
				3F7EF52221CD481800CD394D /* Coinsignals */,
				3F7EF52121CD481800CD394D /* Products */,
				E711148685E99DF68179C6ED /* Pods */,
				16A1B7BEDD7D59D039BF8444 /* Frameworks */,
			);
			sourceTree = "<group>";
		};
		3F7EF52121CD481800CD394D /* Products */ = {
			isa = PBXGroup;
			children = (
				3F7EF52021CD481800CD394D /* Coinsignals.app */,
			);
			name = Products;
			sourceTree = "<group>";
		};
		3F7EF52221CD481800CD394D /* Coinsignals */ = {
			isa = PBXGroup;
			children = (
				3F7EF54321CD546900CD394D /* Resources */,
				3F7EF53A21CD4A9E00CD394D /* Webservices & Networking */,
				3F7EF53821CD49F900CD394D /* Controller */,
				3F7EF53721CD49E800CD394D /* View */,
				3F7EF53621CD49D600CD394D /* Model */,
				3F7EF53521CD49CA00CD394D /* Extensions & Utils */,
				3F7EF52321CD481800CD394D /* AppDelegate.swift */,
				3F7EF52521CD481800CD394D /* ViewController.swift */,
				3F7EF52721CD481800CD394D /* Main.storyboard */,
				3F7EF52C21CD481A00CD394D /* LaunchScreen.storyboard */,
				3F7EF52F21CD481A00CD394D /* Info.plist */,
			);
			path = Coinsignals;
			sourceTree = "<group>";
		};
		3F7EF53521CD49CA00CD394D /* Extensions & Utils */ = {
			isa = PBXGroup;
			children = (
				3F7EF53C21CD4B2F00CD394D /* Constants.swift */,
				3F7EF53F21CD4B5100CD394D /* Styling.swift */,
				B34B1AEE21CF0BBE00EF8528 /* ApiDecoder.swift */,
			);
			path = "Extensions & Utils";
			sourceTree = "<group>";
		};
		3F7EF53621CD49D600CD394D /* Model */ = {
			isa = PBXGroup;
			children = (
				3F7EF54421CD5A5A00CD394D /* PriceRequestType.swift */,
				3F7EF54121CD51FE00CD394D /* Projects.swift */,
				B34B1ADF21CEA35000EF8528 /* HistoricPriceData.swift */,
				B34B1AE621CEB2BD00EF8528 /* CurrentTickerPriceData.swift */,
				B34B1AE121CEAEB000EF8528 /* SentimentData.swift */,
				B34B1AE421CEB0F400EF8528 /* RsiData.swift */,
				B34B1AEC21CEFEE300EF8528 /* DataProviders.swift */,
			);
			path = Model;
			sourceTree = "<group>";
		};
		3F7EF53721CD49E800CD394D /* View */ = {
			isa = PBXGroup;
			children = (
			);
			path = View;
			sourceTree = "<group>";
		};
		3F7EF53821CD49F900CD394D /* Controller */ = {
			isa = PBXGroup;
			children = (
				B34B1AE821CED61600EF8528 /* RateMyApp.swift */,
			);
			path = Controller;
			sourceTree = "<group>";
		};
		3F7EF53921CD4A0100CD394D /* Fonts */ = {
			isa = PBXGroup;
			children = (
			);
			path = Fonts;
			sourceTree = "<group>";
		};
		3F7EF53A21CD4A9E00CD394D /* Webservices & Networking */ = {
			isa = PBXGroup;
			children = (
				3F7EF54621CD5DA000CD394D /* Webservice.swift */,
				B34B1ADD21CEA0C600EF8528 /* DataAPI.swift */,
			);
			path = "Webservices & Networking";
			sourceTree = "<group>";
		};
		3F7EF54321CD546900CD394D /* Resources */ = {
			isa = PBXGroup;
			children = (
				3F7EF52A21CD481A00CD394D /* Assets.xcassets */,
				3F7EF53921CD4A0100CD394D /* Fonts */,
			);
			path = Resources;
			sourceTree = "<group>";
		};
		E711148685E99DF68179C6ED /* Pods */ = {
			isa = PBXGroup;
			children = (
				A8F2249FA59898968B222E98 /* Pods-Coinsignals.debug.xcconfig */,
				DB34929F9730F1E6AC9710FA /* Pods-Coinsignals.release.xcconfig */,
			);
			name = Pods;
			sourceTree = "<group>";
		};
/* End PBXGroup section */

/* Begin PBXNativeTarget section */
		3F7EF51F21CD481800CD394D /* Coinsignals */ = {
			isa = PBXNativeTarget;
			buildConfigurationList = 3F7EF53221CD481A00CD394D /* Build configuration list for PBXNativeTarget "Coinsignals" */;
			buildPhases = (
				608D534F69457D85F13596F1 /* [CP] Check Pods Manifest.lock */,
				3F7EF51C21CD481800CD394D /* Sources */,
				3F7EF51D21CD481800CD394D /* Frameworks */,
				3F7EF51E21CD481800CD394D /* Resources */,
				B636D74A947240217D7403FD /* [CP] Embed Pods Frameworks */,
			);
			buildRules = (
			);
			dependencies = (
			);
			name = Coinsignals;
			productName = Coinsignals;
			productReference = 3F7EF52021CD481800CD394D /* Coinsignals.app */;
			productType = "com.apple.product-type.application";
		};
/* End PBXNativeTarget section */

/* Begin PBXProject section */
		3F7EF51821CD481800CD394D /* Project object */ = {
			isa = PBXProject;
			attributes = {
				LastSwiftUpdateCheck = 1010;
				LastUpgradeCheck = 1010;
				ORGANIZATIONNAME = Org;
				TargetAttributes = {
					3F7EF51F21CD481800CD394D = {
						CreatedOnToolsVersion = 10.1;
					};
				};
			};
			buildConfigurationList = 3F7EF51B21CD481800CD394D /* Build configuration list for PBXProject "Coinsignals" */;
			compatibilityVersion = "Xcode 9.3";
			developmentRegion = en;
			hasScannedForEncodings = 0;
			knownRegions = (
				en,
				Base,
			);
			mainGroup = 3F7EF51721CD481800CD394D;
			productRefGroup = 3F7EF52121CD481800CD394D /* Products */;
			projectDirPath = "";
			projectRoot = "";
			targets = (
				3F7EF51F21CD481800CD394D /* Coinsignals */,
			);
		};
/* End PBXProject section */

/* Begin PBXResourcesBuildPhase section */
		3F7EF51E21CD481800CD394D /* Resources */ = {
			isa = PBXResourcesBuildPhase;
			buildActionMask = 2147483647;
			files = (
				3F7EF52E21CD481A00CD394D /* LaunchScreen.storyboard in Resources */,
				3F7EF52B21CD481A00CD394D /* Assets.xcassets in Resources */,
				3F7EF52921CD481800CD394D /* Main.storyboard in Resources */,
			);
			runOnlyForDeploymentPostprocessing = 0;
		};
/* End PBXResourcesBuildPhase section */

/* Begin PBXShellScriptBuildPhase section */
		608D534F69457D85F13596F1 /* [CP] Check Pods Manifest.lock */ = {
			isa = PBXShellScriptBuildPhase;
			buildActionMask = 2147483647;
			files = (
			);
			inputPaths = (
				"${PODS_PODFILE_DIR_PATH}/Podfile.lock",
				"${PODS_ROOT}/Manifest.lock",
			);
			name = "[CP] Check Pods Manifest.lock";
			outputPaths = (
				"$(DERIVED_FILE_DIR)/Pods-Coinsignals-checkManifestLockResult.txt",
			);
			runOnlyForDeploymentPostprocessing = 0;
			shellPath = /bin/sh;
			shellScript = "diff \"${PODS_PODFILE_DIR_PATH}/Podfile.lock\" \"${PODS_ROOT}/Manifest.lock\" > /dev/null\nif [ $? != 0 ] ; then\n    # print error to STDERR\n    echo \"error: The sandbox is not in sync with the Podfile.lock. Run 'pod install' or update your CocoaPods installation.\" >&2\n    exit 1\nfi\n# This output is used by Xcode 'outputs' to avoid re-running this script phase.\necho \"SUCCESS\" > \"${SCRIPT_OUTPUT_FILE_0}\"\n";
			showEnvVarsInLog = 0;
		};
		B636D74A947240217D7403FD /* [CP] Embed Pods Frameworks */ = {
			isa = PBXShellScriptBuildPhase;
			buildActionMask = 2147483647;
			files = (
			);
			inputPaths = (
				"${SRCROOT}/Pods/Target Support Files/Pods-Coinsignals/Pods-Coinsignals-frameworks.sh",
				"${BUILT_PRODUCTS_DIR}/Alamofire/Alamofire.framework",
			);
			name = "[CP] Embed Pods Frameworks";
			outputPaths = (
				"${TARGET_BUILD_DIR}/${FRAMEWORKS_FOLDER_PATH}/Alamofire.framework",
			);
			runOnlyForDeploymentPostprocessing = 0;
			shellPath = /bin/sh;
			shellScript = "\"${SRCROOT}/Pods/Target Support Files/Pods-Coinsignals/Pods-Coinsignals-frameworks.sh\"\n";
			showEnvVarsInLog = 0;
		};
/* End PBXShellScriptBuildPhase section */

/* Begin PBXSourcesBuildPhase section */
		3F7EF51C21CD481800CD394D /* Sources */ = {
			isa = PBXSourcesBuildPhase;
			buildActionMask = 2147483647;
			files = (
				3F7EF52621CD481800CD394D /* ViewController.swift in Sources */,
				3F7EF52421CD481800CD394D /* AppDelegate.swift in Sources */,
				3F7EF54221CD51FE00CD394D /* Projects.swift in Sources */,
				3F7EF54721CD5DA000CD394D /* Webservice.swift in Sources */,
				B34B1AE021CEA35000EF8528 /* HistoricPriceData.swift in Sources */,
				B34B1ADE21CEA0C600EF8528 /* DataAPI.swift in Sources */,
				B34B1AED21CEFEE300EF8528 /* DataProviders.swift in Sources */,
				3F7EF54021CD4B5100CD394D /* Styling.swift in Sources */,
				B34B1AE221CEAEB000EF8528 /* SentimentData.swift in Sources */,
				B34B1AE521CEB0F400EF8528 /* RsiData.swift in Sources */,
				B34B1AE721CEB2BD00EF8528 /* CurrentTickerPriceData.swift in Sources */,
				3F7EF53D21CD4B2F00CD394D /* Constants.swift in Sources */,
				3F7EF54521CD5A5A00CD394D /* PriceRequestType.swift in Sources */,
				B34B1AEF21CF0BBE00EF8528 /* ApiDecoder.swift in Sources */,
				B34B1AE921CED61600EF8528 /* RateMyApp.swift in Sources */,
			);
			runOnlyForDeploymentPostprocessing = 0;
		};
/* End PBXSourcesBuildPhase section */

/* Begin PBXVariantGroup section */
		3F7EF52721CD481800CD394D /* Main.storyboard */ = {
			isa = PBXVariantGroup;
			children = (
				3F7EF52821CD481800CD394D /* Base */,
			);
			name = Main.storyboard;
			sourceTree = "<group>";
		};
		3F7EF52C21CD481A00CD394D /* LaunchScreen.storyboard */ = {
			isa = PBXVariantGroup;
			children = (
				3F7EF52D21CD481A00CD394D /* Base */,
			);
			name = LaunchScreen.storyboard;
			sourceTree = "<group>";
		};
/* End PBXVariantGroup section */

/* Begin XCBuildConfiguration section */
		3F7EF53021CD481A00CD394D /* Debug */ = {
			isa = XCBuildConfiguration;
			buildSettings = {
				ALWAYS_SEARCH_USER_PATHS = NO;
				CLANG_ANALYZER_NONNULL = YES;
				CLANG_ANALYZER_NUMBER_OBJECT_CONVERSION = YES_AGGRESSIVE;
				CLANG_CXX_LANGUAGE_STANDARD = "gnu++14";
				CLANG_CXX_LIBRARY = "libc++";
				CLANG_ENABLE_MODULES = YES;
				CLANG_ENABLE_OBJC_ARC = YES;
				CLANG_ENABLE_OBJC_WEAK = YES;
				CLANG_WARN_BLOCK_CAPTURE_AUTORELEASING = YES;
				CLANG_WARN_BOOL_CONVERSION = YES;
				CLANG_WARN_COMMA = YES;
				CLANG_WARN_CONSTANT_CONVERSION = YES;
				CLANG_WARN_DEPRECATED_OBJC_IMPLEMENTATIONS = YES;
				CLANG_WARN_DIRECT_OBJC_ISA_USAGE = YES_ERROR;
				CLANG_WARN_DOCUMENTATION_COMMENTS = YES;
				CLANG_WARN_EMPTY_BODY = YES;
				CLANG_WARN_ENUM_CONVERSION = YES;
				CLANG_WARN_INFINITE_RECURSION = YES;
				CLANG_WARN_INT_CONVERSION = YES;
				CLANG_WARN_NON_LITERAL_NULL_CONVERSION = YES;
				CLANG_WARN_OBJC_IMPLICIT_RETAIN_SELF = YES;
				CLANG_WARN_OBJC_LITERAL_CONVERSION = YES;
				CLANG_WARN_OBJC_ROOT_CLASS = YES_ERROR;
				CLANG_WARN_RANGE_LOOP_ANALYSIS = YES;
				CLANG_WARN_STRICT_PROTOTYPES = YES;
				CLANG_WARN_SUSPICIOUS_MOVE = YES;
				CLANG_WARN_UNGUARDED_AVAILABILITY = YES_AGGRESSIVE;
				CLANG_WARN_UNREACHABLE_CODE = YES;
				CLANG_WARN__DUPLICATE_METHOD_MATCH = YES;
				CODE_SIGN_IDENTITY = "iPhone Developer";
				COPY_PHASE_STRIP = NO;
				DEBUG_INFORMATION_FORMAT = dwarf;
				ENABLE_STRICT_OBJC_MSGSEND = YES;
				ENABLE_TESTABILITY = YES;
				GCC_C_LANGUAGE_STANDARD = gnu11;
				GCC_DYNAMIC_NO_PIC = NO;
				GCC_NO_COMMON_BLOCKS = YES;
				GCC_OPTIMIZATION_LEVEL = 0;
				GCC_PREPROCESSOR_DEFINITIONS = (
					"DEBUG=1",
					"$(inherited)",
				);
				GCC_WARN_64_TO_32_BIT_CONVERSION = YES;
				GCC_WARN_ABOUT_RETURN_TYPE = YES_ERROR;
				GCC_WARN_UNDECLARED_SELECTOR = YES;
				GCC_WARN_UNINITIALIZED_AUTOS = YES_AGGRESSIVE;
				GCC_WARN_UNUSED_FUNCTION = YES;
				GCC_WARN_UNUSED_VARIABLE = YES;
				IPHONEOS_DEPLOYMENT_TARGET = 12.1;
				MTL_ENABLE_DEBUG_INFO = INCLUDE_SOURCE;
				MTL_FAST_MATH = YES;
				ONLY_ACTIVE_ARCH = YES;
				SDKROOT = iphoneos;
				SWIFT_ACTIVE_COMPILATION_CONDITIONS = DEBUG;
				SWIFT_OPTIMIZATION_LEVEL = "-Onone";
			};
			name = Debug;
		};
		3F7EF53121CD481A00CD394D /* Release */ = {
			isa = XCBuildConfiguration;
			buildSettings = {
				ALWAYS_SEARCH_USER_PATHS = NO;
				CLANG_ANALYZER_NONNULL = YES;
				CLANG_ANALYZER_NUMBER_OBJECT_CONVERSION = YES_AGGRESSIVE;
				CLANG_CXX_LANGUAGE_STANDARD = "gnu++14";
				CLANG_CXX_LIBRARY = "libc++";
				CLANG_ENABLE_MODULES = YES;
				CLANG_ENABLE_OBJC_ARC = YES;
				CLANG_ENABLE_OBJC_WEAK = YES;
				CLANG_WARN_BLOCK_CAPTURE_AUTORELEASING = YES;
				CLANG_WARN_BOOL_CONVERSION = YES;
				CLANG_WARN_COMMA = YES;
				CLANG_WARN_CONSTANT_CONVERSION = YES;
				CLANG_WARN_DEPRECATED_OBJC_IMPLEMENTATIONS = YES;
				CLANG_WARN_DIRECT_OBJC_ISA_USAGE = YES_ERROR;
				CLANG_WARN_DOCUMENTATION_COMMENTS = YES;
				CLANG_WARN_EMPTY_BODY = YES;
				CLANG_WARN_ENUM_CONVERSION = YES;
				CLANG_WARN_INFINITE_RECURSION = YES;
				CLANG_WARN_INT_CONVERSION = YES;
				CLANG_WARN_NON_LITERAL_NULL_CONVERSION = YES;
				CLANG_WARN_OBJC_IMPLICIT_RETAIN_SELF = YES;
				CLANG_WARN_OBJC_LITERAL_CONVERSION = YES;
				CLANG_WARN_OBJC_ROOT_CLASS = YES_ERROR;
				CLANG_WARN_RANGE_LOOP_ANALYSIS = YES;
				CLANG_WARN_STRICT_PROTOTYPES = YES;
				CLANG_WARN_SUSPICIOUS_MOVE = YES;
				CLANG_WARN_UNGUARDED_AVAILABILITY = YES_AGGRESSIVE;
				CLANG_WARN_UNREACHABLE_CODE = YES;
				CLANG_WARN__DUPLICATE_METHOD_MATCH = YES;
				CODE_SIGN_IDENTITY = "iPhone Developer";
				COPY_PHASE_STRIP = NO;
				DEBUG_INFORMATION_FORMAT = "dwarf-with-dsym";
				ENABLE_NS_ASSERTIONS = NO;
				ENABLE_STRICT_OBJC_MSGSEND = YES;
				GCC_C_LANGUAGE_STANDARD = gnu11;
				GCC_NO_COMMON_BLOCKS = YES;
				GCC_WARN_64_TO_32_BIT_CONVERSION = YES;
				GCC_WARN_ABOUT_RETURN_TYPE = YES_ERROR;
				GCC_WARN_UNDECLARED_SELECTOR = YES;
				GCC_WARN_UNINITIALIZED_AUTOS = YES_AGGRESSIVE;
				GCC_WARN_UNUSED_FUNCTION = YES;
				GCC_WARN_UNUSED_VARIABLE = YES;
				IPHONEOS_DEPLOYMENT_TARGET = 12.1;
				MTL_ENABLE_DEBUG_INFO = NO;
				MTL_FAST_MATH = YES;
				SDKROOT = iphoneos;
				SWIFT_COMPILATION_MODE = wholemodule;
				SWIFT_OPTIMIZATION_LEVEL = "-O";
				VALIDATE_PRODUCT = YES;
			};
			name = Release;
		};
		3F7EF53321CD481A00CD394D /* Debug */ = {
			isa = XCBuildConfiguration;
			baseConfigurationReference = A8F2249FA59898968B222E98 /* Pods-Coinsignals.debug.xcconfig */;
			buildSettings = {
				ASSETCATALOG_COMPILER_APPICON_NAME = AppIcon;
				CODE_SIGN_STYLE = Automatic;
				DEVELOPMENT_TEAM = 4D92J46PPW;
				INFOPLIST_FILE = Coinsignals/Info.plist;
				LD_RUNPATH_SEARCH_PATHS = (
					"$(inherited)",
					"@executable_path/Frameworks",
				);
				PRODUCT_BUNDLE_IDENTIFIER = com.org.Coinsignals;
				PRODUCT_NAME = "$(TARGET_NAME)";
				SWIFT_VERSION = 4.2;
				TARGETED_DEVICE_FAMILY = "1,2";
			};
			name = Debug;
		};
		3F7EF53421CD481A00CD394D /* Release */ = {
			isa = XCBuildConfiguration;
			baseConfigurationReference = DB34929F9730F1E6AC9710FA /* Pods-Coinsignals.release.xcconfig */;
			buildSettings = {
				ASSETCATALOG_COMPILER_APPICON_NAME = AppIcon;
				CODE_SIGN_STYLE = Automatic;
				DEVELOPMENT_TEAM = 4D92J46PPW;
				INFOPLIST_FILE = Coinsignals/Info.plist;
				LD_RUNPATH_SEARCH_PATHS = (
					"$(inherited)",
					"@executable_path/Frameworks",
				);
				PRODUCT_BUNDLE_IDENTIFIER = com.org.Coinsignals;
				PRODUCT_NAME = "$(TARGET_NAME)";
				SWIFT_VERSION = 4.2;
				TARGETED_DEVICE_FAMILY = "1,2";
			};
			name = Release;
		};
/* End XCBuildConfiguration section */

/* Begin XCConfigurationList section */
		3F7EF51B21CD481800CD394D /* Build configuration list for PBXProject "Coinsignals" */ = {
			isa = XCConfigurationList;
			buildConfigurations = (
				3F7EF53021CD481A00CD394D /* Debug */,
				3F7EF53121CD481A00CD394D /* Release */,
			);
			defaultConfigurationIsVisible = 0;
			defaultConfigurationName = Release;
		};
		3F7EF53221CD481A00CD394D /* Build configuration list for PBXNativeTarget "Coinsignals" */ = {
			isa = XCConfigurationList;
			buildConfigurations = (
				3F7EF53321CD481A00CD394D /* Debug */,
				3F7EF53421CD481A00CD394D /* Release */,
			);
			defaultConfigurationIsVisible = 0;
			defaultConfigurationName = Release;
		};
/* End XCConfigurationList section */
	};
	rootObject = 3F7EF51821CD481800CD394D /* Project object */;
}
